uuid: 9d716158-0f79-4b21-90d4-10b6bfbdfba5
langcode: en
status: true
dependencies:
  module:
    - commerce_order
_core:
  default_config_hash: ng8Uf3QSG-ylkOmr0Q3KTBqUh4rf0cswHb5W6Ca7tD4
id: commerce_order_unlock
label: 'Unlock order'
type: commerce_order
plugin: commerce_order_unlock
configuration: {  }
